
Microsoft Visual Studio Solution File, Format Version 12.00
# Visual Studio Version 17
VisualStudioVersion = 17.2.32526.322
MinimumVisualStudioVersion = 10.0.40219.1
Project("{FAE04EC0-301F-11D3-BF4B-00C04F79EFBC}") = "SandVolleyballWebApp", "SandVolleyballWebApp\SandVolleyballWebApp.csproj", "{5318FC88-E56F-4E2B-B33F-6777F0AEFC7C}"
EndProject
Global
	GlobalSection(SolutionConfigurationPlatforms) = preSolution
		Debug|Any CPU = Debug|Any CPU
		Release|Any CPU = Release|Any CPU
	EndGlobalSection
	GlobalSection(ProjectConfigurationPlatforms) = postSolution
		{5318FC88-E56F-4E2B-B33F-6777F0AEFC7C}.Debug|Any CPU.ActiveCfg = Debug|Any CPU
		{5318FC88-E56F-4E2B-B33F-6777F0AEFC7C}.Debug|Any CPU.Build.0 = Debug|Any CPU
		{5318FC88-E56F-4E2B-B33F-6777F0AEFC7C}.Release|Any CPU.ActiveCfg = Release|Any CPU
		{5318FC88-E56F-4E2B-B33F-6777F0AEFC7C}.Release|Any CPU.Build.0 = Release|Any CPU
	EndGlobalSection
	GlobalSection(SolutionProperties) = preSolution
		HideSolutionNode = FALSE
	EndGlobalSection
	GlobalSection(ExtensibilityGlobals) = postSolution
		SolutionGuid = {6553D182-CC38-4304-BD56-310A6373C8D3}
	EndGlobalSection
EndGlobal
